// !$*UTF8*$!
{
	archiveVersion = 1;
	classes = {
	};
	objectVersion = 46;
	objects = {

/* Begin PBXBuildFile section */
		F15F09C81E25DCED003BA0FF /* AppDelegate.swift in Sources */ = {isa = PBXBuildFile; fileRef = F15F09C71E25DCED003BA0FF /* AppDelegate.swift */; };
		F15F09CA1E25DCED003BA0FF /* Assets.xcassets in Resources */ = {isa = PBXBuildFile; fileRef = F15F09C91E25DCED003BA0FF /* Assets.xcassets */; };
		F15F09CD1E25DCED003BA0FF /* MainMenu.xib in Resources */ = {isa = PBXBuildFile; fileRef = F15F09CB1E25DCED003BA0FF /* MainMenu.xib */; };
		F15F09D81E25DD23003BA0FF /* FLOpenGLView.swift in Sources */ = {isa = PBXBuildFile; fileRef = F15F09D41E25DD23003BA0FF /* FLOpenGLView.swift */; };
		F15F09D91E25DD23003BA0FF /* ShaderProgram.swift in Sources */ = {isa = PBXBuildFile; fileRef = F15F09D51E25DD23003BA0FF /* ShaderProgram.swift */; };
		F15F09DA1E25DD23003BA0FF /* tutorial.fs in Resources */ = {isa = PBXBuildFile; fileRef = F15F09D61E25DD23003BA0FF /* tutorial.fs */; };
		F15F09DB1E25DD23003BA0FF /* tutorial.vs in Resources */ = {isa = PBXBuildFile; fileRef = F15F09D71E25DD23003BA0FF /* tutorial.vs */; };
		F15F09DD1E25E01D003BA0FF /* image.png in Resources */ = {isa = PBXBuildFile; fileRef = F15F09DC1E25E01D003BA0FF /* image.png */; };
		F15F09DF1E25E222003BA0FF /* Texture.swift in Sources */ = {isa = PBXBuildFile; fileRef = F15F09DE1E25E222003BA0FF /* Texture.swift */; };
/* End PBXBuildFile section */

/* Begin PBXFileReference section */
		F15F09C41E25DCED003BA0FF /* Lesson2.app */ = {isa = PBXFileReference; explicitFileType = wrapper.application; includeInIndex = 0; path = Lesson2.app; sourceTree = BUILT_PRODUCTS_DIR; };
		F15F09C71E25DCED003BA0FF /* AppDelegate.swift */ = {isa = PBXFileReference; lastKnownFileType = sourcecode.swift; path = AppDelegate.swift; sourceTree = "<group>"; };
		F15F09C91E25DCED003BA0FF /* Assets.xcassets */ = {isa = PBXFileReference; lastKnownFileType = folder.assetcatalog; path = Assets.xcassets; sourceTree = "<group>"; };
		F15F09CC1E25DCED003BA0FF /* Base */ = {isa = PBXFileReference; lastKnownFileType = file.xib; name = Base; path = Base.lproj/MainMenu.xib; sourceTree = "<group>"; };
		F15F09CE1E25DCED003BA0FF /* Info.plist */ = {isa = PBXFileReference; lastKnownFileType = text.plist.xml; path = Info.plist; sourceTree = "<group>"; };
		F15F09D41E25DD23003BA0FF /* FLOpenGLView.swift */ = {isa = PBXFileReference; fileEncoding = 4; lastKnownFileType = sourcecode.swift; path = FLOpenGLView.swift; sourceTree = "<group>"; };
		F15F09D51E25DD23003BA0FF /* ShaderProgram.swift */ = {isa = PBXFileReference; fileEncoding = 4; lastKnownFileType = sourcecode.swift; path = ShaderProgram.swift; sourceTree = "<group>"; };
		F15F09D61E25DD23003BA0FF /* tutorial.fs */ = {isa = PBXFileReference; fileEncoding = 4; lastKnownFileType = sourcecode.glsl; path = tutorial.fs; sourceTree = "<group>"; };
		F15F09D71E25DD23003BA0FF /* tutorial.vs */ = {isa = PBXFileReference; fileEncoding = 4; lastKnownFileType = sourcecode.glsl; path = tutorial.vs; sourceTree = "<group>"; };
		F15F09DC1E25E01D003BA0FF /* image.png */ = {isa = PBXFileReference; lastKnownFileType = image.png; path = image.png; sourceTree = "<group>"; };
		F15F09DE1E25E222003BA0FF /* Texture.swift */ = {isa = PBXFileReference; fileEncoding = 4; lastKnownFileType = sourcecode.swift; path = Texture.swift; sourceTree = "<group>"; };
/* End PBXFileReference section */

/* Begin PBXFrameworksBuildPhase section */
		F15F09C11E25DCED003BA0FF /* Frameworks */ = {
			isa = PBXFrameworksBuildPhase;
			buildActionMask = 2147483647;
			files = (
			);
			runOnlyForDeploymentPostprocessing = 0;
		};
/* End PBXFrameworksBuildPhase section */

/* Begin PBXGroup section */
		F15F09BB1E25DCED003BA0FF = {
			isa = PBXGroup;
			children = (
				F15F09C61E25DCED003BA0FF /* Lesson2 */,
				F15F09C51E25DCED003BA0FF /* Products */,
			);
			sourceTree = "<group>";
		};
		F15F09C51E25DCED003BA0FF /* Products */ = {
			isa = PBXGroup;
			children = (
				F15F09C41E25DCED003BA0FF /* Lesson2.app */,
			);
			name = Products;
			sourceTree = "<group>";
		};
		F15F09C61E25DCED003BA0FF /* Lesson2 */ = {
			isa = PBXGroup;
			children = (
				F15F09DC1E25E01D003BA0FF /* image.png */,
				F15F09DE1E25E222003BA0FF /* Texture.swift */,
				F15F09D61E25DD23003BA0FF /* tutorial.fs */,
				F15F09D71E25DD23003BA0FF /* tutorial.vs */,
				F15F09D51E25DD23003BA0FF /* ShaderProgram.swift */,
				F15F09D41E25DD23003BA0FF /* FLOpenGLView.swift */,
				F15F09C71E25DCED003BA0FF /* AppDelegate.swift */,
				F15F09C91E25DCED003BA0FF /* Assets.xcassets */,
				F15F09CB1E25DCED003BA0FF /* MainMenu.xib */,
				F15F09CE1E25DCED003BA0FF /* Info.plist */,
			);
			path = Lesson2;
			sourceTree = "<group>";
		};
/* End PBXGroup section */

/* Begin PBXNativeTarget section */
		F15F09C31E25DCED003BA0FF /* Lesson2 */ = {
			isa = PBXNativeTarget;
			buildConfigurationList = F15F09D11E25DCED003BA0FF /* Build configuration list for PBXNativeTarget "Lesson2" */;
			buildPhases = (
				F15F09C01E25DCED003BA0FF /* Sources */,
				F15F09C11E25DCED003BA0FF /* Frameworks */,
				F15F09C21E25DCED003BA0FF /* Resources */,
			);
			buildRules = (
			);
			dependencies = (
			);
			name = Lesson2;
			productName = Lesson2;
			productReference = F15F09C41E25DCED003BA0FF /* Lesson2.app */;
			productType = "com.apple.product-type.application";
		};
/* End PBXNativeTarget section */

/* Begin PBXProject section */
		F15F09BC1E25DCED003BA0FF /* Project object */ = {
			isa = PBXProject;
			attributes = {
				LastSwiftUpdateCheck = 0800;
				LastUpgradeCheck = 0800;
				ORGANIZATIONNAME = fancy;
				TargetAttributes = {
					F15F09C31E25DCED003BA0FF = {
						CreatedOnToolsVersion = 8.0;
						ProvisioningStyle = Automatic;
					};
				};
			};
			buildConfigurationList = F15F09BF1E25DCED003BA0FF /* Build configuration list for PBXProject "Lesson2" */;
			compatibilityVersion = "Xcode 3.2";
			developmentRegion = English;
			hasScannedForEncodings = 0;
			knownRegions = (
				en,
				Base,
			);
			mainGroup = F15F09BB1E25DCED003BA0FF;
			productRefGroup = F15F09C51E25DCED003BA0FF /* Products */;
			projectDirPath = "";
			projectRoot = "";
			targets = (
				F15F09C31E25DCED003BA0FF /* Lesson2 */,
			);
		};
/* End PBXProject section */

/* Begin PBXResourcesBuildPhase section */
		F15F09C21E25DCED003BA0FF /* Resources */ = {
			isa = PBXResourcesBuildPhase;
			buildActionMask = 2147483647;
			files = (
				F15F09CA1E25DCED003BA0FF /* Assets.xcassets in Resources */,
				F15F09CD1E25DCED003BA0FF /* MainMenu.xib in Resources */,
				F15F09DB1E25DD23003BA0FF /* tutorial.vs in Resources */,
				F15F09DA1E25DD23003BA0FF /* tutorial.fs in Resources */,
				F15F09DD1E25E01D003BA0FF /* image.png in Resources */,
			);
			runOnlyForDeploymentPostprocessing = 0;
		};
/* End PBXResourcesBuildPhase section */

/* Begin PBXSourcesBuildPhase section */
		F15F09C01E25DCED003BA0FF /* Sources */ = {
			isa = PBXSourcesBuildPhase;
			buildActionMask = 2147483647;
			files = (
				F15F09C81E25DCED003BA0FF /* AppDelegate.swift in Sources */,
				F15F09DF1E25E222003BA0FF /* Texture.swift in Sources */,
				F15F09D91E25DD23003BA0FF /* ShaderProgram.swift in Sources */,
				F15F09D81E25DD23003BA0FF /* FLOpenGLView.swift in Sources */,
			);
			runOnlyForDeploymentPostprocessing = 0;
		};
/* End PBXSourcesBuildPhase section */

/* Begin PBXVariantGroup section */
		F15F09CB1E25DCED003BA0FF /* MainMenu.xib */ = {
			isa = PBXVariantGroup;
			children = (
				F15F09CC1E25DCED003BA0FF /* Base */,
			);
			name = MainMenu.xib;
			sourceTree = "<group>";
		};
/* End PBXVariantGroup section */

/* Begin XCBuildConfiguration section */
		F15F09CF1E25DCED003BA0FF /* Debug */ = {
			isa = XCBuildConfiguration;
			buildSettings = {
				ALWAYS_SEARCH_USER_PATHS = NO;
				CLANG_ANALYZER_NONNULL = YES;
				CLANG_CXX_LANGUAGE_STANDARD = "gnu++0x";
				CLANG_CXX_LIBRARY = "libc++";
				CLANG_ENABLE_MODULES = YES;
				CLANG_ENABLE_OBJC_ARC = YES;
				CLANG_WARN_BOOL_CONVERSION = YES;
				CLANG_WARN_CONSTANT_CONVERSION = YES;
				CLANG_WARN_DIRECT_OBJC_ISA_USAGE = YES_ERROR;
				CLANG_WARN_DOCUMENTATION_COMMENTS = YES;
				CLANG_WARN_EMPTY_BODY = YES;
				CLANG_WARN_ENUM_CONVERSION = YES;
				CLANG_WARN_INFINITE_RECURSION = YES;
				CLANG_WARN_INT_CONVERSION = YES;
				CLANG_WARN_OBJC_ROOT_CLASS = YES_ERROR;
				CLANG_WARN_SUSPICIOUS_MOVES = YES;
				CLANG_WARN_UNREACHABLE_CODE = YES;
				CLANG_WARN__DUPLICATE_METHOD_MATCH = YES;
				CODE_SIGN_IDENTITY = "-";
				COPY_PHASE_STRIP = NO;
				DEBUG_INFORMATION_FORMAT = dwarf;
				ENABLE_STRICT_OBJC_MSGSEND = YES;
				ENABLE_TESTABILITY = YES;
				GCC_C_LANGUAGE_STANDARD = gnu99;
				GCC_DYNAMIC_NO_PIC = NO;
				GCC_NO_COMMON_BLOCKS = YES;
				GCC_OPTIMIZATION_LEVEL = 0;
				GCC_PREPROCESSOR_DEFINITIONS = (
					"DEBUG=1",
					"$(inherited)",
				);
				GCC_WARN_64_TO_32_BIT_CONVERSION = YES;
				GCC_WARN_ABOUT_RETURN_TYPE = YES_ERROR;
				GCC_WARN_UNDECLARED_SELECTOR = YES;
				GCC_WARN_UNINITIALIZED_AUTOS = YES_AGGRESSIVE;
				GCC_WARN_UNUSED_FUNCTION = YES;
				GCC_WARN_UNUSED_VARIABLE = YES;
				MACOSX_DEPLOYMENT_TARGET = 10.12;
				MTL_ENABLE_DEBUG_INFO = YES;
				ONLY_ACTIVE_ARCH = YES;
				SDKROOT = macosx;
				SWIFT_ACTIVE_COMPILATION_CONDITIONS = DEBUG;
				SWIFT_OPTIMIZATION_LEVEL = "-Onone";
			};
			name = Debug;
		};
		F15F09D01E25DCED003BA0FF /* Release */ = {
			isa = XCBuildConfiguration;
			buildSettings = {
				ALWAYS_SEARCH_USER_PATHS = NO;
				CLANG_ANALYZER_NONNULL = YES;
				CLANG_CXX_LANGUAGE_STANDARD = "gnu++0x";
				CLANG_CXX_LIBRARY = "libc++";
				CLANG_ENABLE_MODULES = YES;
				CLANG_ENABLE_OBJC_ARC = YES;
				CLANG_WARN_BOOL_CONVERSION = YES;
				CLANG_WARN_CONSTANT_CONVERSION = YES;
				CLANG_WARN_DIRECT_OBJC_ISA_USAGE = YES_ERROR;
				CLANG_WARN_DOCUMENTATION_COMMENTS = YES;
				CLANG_WARN_EMPTY_BODY = YES;
				CLANG_WARN_ENUM_CONVERSION = YES;
				CLANG_WARN_INFINITE_RECURSION = YES;
				CLANG_WARN_INT_CONVERSION = YES;
				CLANG_WARN_OBJC_ROOT_CLASS = YES_ERROR;
				CLANG_WARN_SUSPICIOUS_MOVES = YES;
				CLANG_WARN_UNREACHABLE_CODE = YES;
				CLANG_WARN__DUPLICATE_METHOD_MATCH = YES;
				CODE_SIGN_IDENTITY = "-";
				COPY_PHASE_STRIP = NO;
				DEBUG_INFORMATION_FORMAT = "dwarf-with-dsym";
				ENABLE_NS_ASSERTIONS = NO;
				ENABLE_STRICT_OBJC_MSGSEND = YES;
				GCC_C_LANGUAGE_STANDARD = gnu99;
				GCC_NO_COMMON_BLOCKS = YES;
				GCC_WARN_64_TO_32_BIT_CONVERSION = YES;
				GCC_WARN_ABOUT_RETURN_TYPE = YES_ERROR;
				GCC_WARN_UNDECLARED_SELECTOR = YES;
				GCC_WARN_UNINITIALIZED_AUTOS = YES_AGGRESSIVE;
				GCC_WARN_UNUSED_FUNCTION = YES;
				GCC_WARN_UNUSED_VARIABLE = YES;
				MACOSX_DEPLOYMENT_TARGET = 10.12;
				MTL_ENABLE_DEBUG_INFO = NO;
				SDKROOT = macosx;
				SWIFT_OPTIMIZATION_LEVEL = "-Owholemodule";
			};
			name = Release;
		};
		F15F09D21E25DCED003BA0FF /* Debug */ = {
			isa = XCBuildConfiguration;
			buildSettings = {
				ASSETCATALOG_COMPILER_APPICON_NAME = AppIcon;
				COMBINE_HIDPI_IMAGES = YES;
				INFOPLIST_FILE = Lesson2/Info.plist;
				LD_RUNPATH_SEARCH_PATHS = "$(inherited) @executable_path/../Frameworks";
				PRODUCT_BUNDLE_IDENTIFIER = com.fancymax.test.Lesson2;
				PRODUCT_NAME = "$(TARGET_NAME)";
				SWIFT_VERSION = 3.0;
			};
			name = Debug;
		};
		F15F09D31E25DCED003BA0FF /* Release */ = {
			isa = XCBuildConfiguration;
			buildSettings = {
				ASSETCATALOG_COMPILER_APPICON_NAME = AppIcon;
				COMBINE_HIDPI_IMAGES = YES;
				INFOPLIST_FILE = Lesson2/Info.plist;
				LD_RUNPATH_SEARCH_PATHS = "$(inherited) @executable_path/../Frameworks";
				PRODUCT_BUNDLE_IDENTIFIER = com.fancymax.test.Lesson2;
				PRODUCT_NAME = "$(TARGET_NAME)";
				SWIFT_VERSION = 3.0;
			};
			name = Release;
		};
/* End XCBuildConfiguration section */

/* Begin XCConfigurationList section */
		F15F09BF1E25DCED003BA0FF /* Build configuration list for PBXProject "Lesson2" */ = {
			isa = XCConfigurationList;
			buildConfigurations = (
				F15F09CF1E25DCED003BA0FF /* Debug */,
				F15F09D01E25DCED003BA0FF /* Release */,
			);
			defaultConfigurationIsVisible = 0;
			defaultConfigurationName = Release;
		};
		F15F09D11E25DCED003BA0FF /* Build configuration list for PBXNativeTarget "Lesson2" */ = {
			isa = XCConfigurationList;
			buildConfigurations = (
				F15F09D21E25DCED003BA0FF /* Debug */,
				F15F09D31E25DCED003BA0FF /* Release */,
			);
			defaultConfigurationIsVisible = 0;
		};
/* End XCConfigurationList section */
	};
	rootObject = F15F09BC1E25DCED003BA0FF /* Project object */;
}
