// !$*UTF8*$!
{
	archiveVersion = 1;
	classes = {
	};
	objectVersion = 46;
	objects = {

/* Begin PBXBuildFile section */
		F11516C41E27673700944266 /* AppDelegate.swift in Sources */ = {isa = PBXBuildFile; fileRef = F11516C31E27673700944266 /* AppDelegate.swift */; };
		F11516C61E27673700944266 /* Assets.xcassets in Resources */ = {isa = PBXBuildFile; fileRef = F11516C51E27673700944266 /* Assets.xcassets */; };
		F11516C91E27673700944266 /* MainMenu.xib in Resources */ = {isa = PBXBuildFile; fileRef = F11516C71E27673700944266 /* MainMenu.xib */; };
		F11516D91E27676600944266 /* FLOpenGLView.swift in Sources */ = {isa = PBXBuildFile; fileRef = F11516D01E27676600944266 /* FLOpenGLView.swift */; };
		F11516DA1E27676600944266 /* Matrix4.swift in Sources */ = {isa = PBXBuildFile; fileRef = F11516D11E27676600944266 /* Matrix4.swift */; };
		F11516DB1E27676600944266 /* Scene.swift in Sources */ = {isa = PBXBuildFile; fileRef = F11516D21E27676600944266 /* Scene.swift */; };
		F11516DC1E27676600944266 /* ShaderProgram.swift in Sources */ = {isa = PBXBuildFile; fileRef = F11516D31E27676600944266 /* ShaderProgram.swift */; };
		F11516DD1E27676600944266 /* Texture.swift in Sources */ = {isa = PBXBuildFile; fileRef = F11516D41E27676600944266 /* Texture.swift */; };
		F11516DF1E27676600944266 /* texture2.png in Resources */ = {isa = PBXBuildFile; fileRef = F11516D61E27676600944266 /* texture2.png */; };
		F11516E01E27676600944266 /* tutorial.fs in Resources */ = {isa = PBXBuildFile; fileRef = F11516D71E27676600944266 /* tutorial.fs */; };
		F11516E11E27676600944266 /* tutorial.vs in Resources */ = {isa = PBXBuildFile; fileRef = F11516D81E27676600944266 /* tutorial.vs */; };
		F11516E51E277A4F00944266 /* texture1.png in Resources */ = {isa = PBXBuildFile; fileRef = F11516E41E277A4F00944266 /* texture1.png */; };
/* End PBXBuildFile section */

/* Begin PBXFileReference section */
		F11516C01E27673700944266 /* Lesson4.app */ = {isa = PBXFileReference; explicitFileType = wrapper.application; includeInIndex = 0; path = Lesson4.app; sourceTree = BUILT_PRODUCTS_DIR; };
		F11516C31E27673700944266 /* AppDelegate.swift */ = {isa = PBXFileReference; lastKnownFileType = sourcecode.swift; path = AppDelegate.swift; sourceTree = "<group>"; };
		F11516C51E27673700944266 /* Assets.xcassets */ = {isa = PBXFileReference; lastKnownFileType = folder.assetcatalog; path = Assets.xcassets; sourceTree = "<group>"; };
		F11516C81E27673700944266 /* Base */ = {isa = PBXFileReference; lastKnownFileType = file.xib; name = Base; path = Base.lproj/MainMenu.xib; sourceTree = "<group>"; };
		F11516CA1E27673700944266 /* Info.plist */ = {isa = PBXFileReference; lastKnownFileType = text.plist.xml; path = Info.plist; sourceTree = "<group>"; };
		F11516D01E27676600944266 /* FLOpenGLView.swift */ = {isa = PBXFileReference; fileEncoding = 4; lastKnownFileType = sourcecode.swift; path = FLOpenGLView.swift; sourceTree = "<group>"; };
		F11516D11E27676600944266 /* Matrix4.swift */ = {isa = PBXFileReference; fileEncoding = 4; lastKnownFileType = sourcecode.swift; path = Matrix4.swift; sourceTree = "<group>"; };
		F11516D21E27676600944266 /* Scene.swift */ = {isa = PBXFileReference; fileEncoding = 4; lastKnownFileType = sourcecode.swift; path = Scene.swift; sourceTree = "<group>"; };
		F11516D31E27676600944266 /* ShaderProgram.swift */ = {isa = PBXFileReference; fileEncoding = 4; lastKnownFileType = sourcecode.swift; path = ShaderProgram.swift; sourceTree = "<group>"; };
		F11516D41E27676600944266 /* Texture.swift */ = {isa = PBXFileReference; fileEncoding = 4; lastKnownFileType = sourcecode.swift; path = Texture.swift; sourceTree = "<group>"; };
		F11516D61E27676600944266 /* texture2.png */ = {isa = PBXFileReference; lastKnownFileType = image.png; path = texture2.png; sourceTree = "<group>"; };
		F11516D71E27676600944266 /* tutorial.fs */ = {isa = PBXFileReference; fileEncoding = 4; lastKnownFileType = sourcecode.glsl; path = tutorial.fs; sourceTree = "<group>"; };
		F11516D81E27676600944266 /* tutorial.vs */ = {isa = PBXFileReference; fileEncoding = 4; lastKnownFileType = sourcecode.glsl; path = tutorial.vs; sourceTree = "<group>"; };
		F11516E41E277A4F00944266 /* texture1.png */ = {isa = PBXFileReference; lastKnownFileType = image.png; path = texture1.png; sourceTree = "<group>"; };
/* End PBXFileReference section */

/* Begin PBXFrameworksBuildPhase section */
		F11516BD1E27673700944266 /* Frameworks */ = {
			isa = PBXFrameworksBuildPhase;
			buildActionMask = 2147483647;
			files = (
			);
			runOnlyForDeploymentPostprocessing = 0;
		};
/* End PBXFrameworksBuildPhase section */

/* Begin PBXGroup section */
		F11516B71E27673700944266 = {
			isa = PBXGroup;
			children = (
				F11516C21E27673700944266 /* Lesson4 */,
				F11516C11E27673700944266 /* Products */,
			);
			sourceTree = "<group>";
		};
		F11516C11E27673700944266 /* Products */ = {
			isa = PBXGroup;
			children = (
				F11516C01E27673700944266 /* Lesson4.app */,
			);
			name = Products;
			sourceTree = "<group>";
		};
		F11516C21E27673700944266 /* Lesson4 */ = {
			isa = PBXGroup;
			children = (
				F11516D11E27676600944266 /* Matrix4.swift */,
				F11516D41E27676600944266 /* Texture.swift */,
				F11516E41E277A4F00944266 /* texture1.png */,
				F11516D61E27676600944266 /* texture2.png */,
				F11516D71E27676600944266 /* tutorial.fs */,
				F11516D81E27676600944266 /* tutorial.vs */,
				F11516C31E27673700944266 /* AppDelegate.swift */,
				F11516D31E27676600944266 /* ShaderProgram.swift */,
				F11516D21E27676600944266 /* Scene.swift */,
				F11516D01E27676600944266 /* FLOpenGLView.swift */,
				F11516C51E27673700944266 /* Assets.xcassets */,
				F11516C71E27673700944266 /* MainMenu.xib */,
				F11516CA1E27673700944266 /* Info.plist */,
			);
			path = Lesson4;
			sourceTree = "<group>";
		};
/* End PBXGroup section */

/* Begin PBXNativeTarget section */
		F11516BF1E27673700944266 /* Lesson4 */ = {
			isa = PBXNativeTarget;
			buildConfigurationList = F11516CD1E27673700944266 /* Build configuration list for PBXNativeTarget "Lesson4" */;
			buildPhases = (
				F11516BC1E27673700944266 /* Sources */,
				F11516BD1E27673700944266 /* Frameworks */,
				F11516BE1E27673700944266 /* Resources */,
			);
			buildRules = (
			);
			dependencies = (
			);
			name = Lesson4;
			productName = Lesson4;
			productReference = F11516C01E27673700944266 /* Lesson4.app */;
			productType = "com.apple.product-type.application";
		};
/* End PBXNativeTarget section */

/* Begin PBXProject section */
		F11516B81E27673700944266 /* Project object */ = {
			isa = PBXProject;
			attributes = {
				LastSwiftUpdateCheck = 0800;
				LastUpgradeCheck = 0800;
				ORGANIZATIONNAME = fancy;
				TargetAttributes = {
					F11516BF1E27673700944266 = {
						CreatedOnToolsVersion = 8.0;
						ProvisioningStyle = Automatic;
					};
				};
			};
			buildConfigurationList = F11516BB1E27673700944266 /* Build configuration list for PBXProject "Lesson4" */;
			compatibilityVersion = "Xcode 3.2";
			developmentRegion = English;
			hasScannedForEncodings = 0;
			knownRegions = (
				en,
				Base,
			);
			mainGroup = F11516B71E27673700944266;
			productRefGroup = F11516C11E27673700944266 /* Products */;
			projectDirPath = "";
			projectRoot = "";
			targets = (
				F11516BF1E27673700944266 /* Lesson4 */,
			);
		};
/* End PBXProject section */

/* Begin PBXResourcesBuildPhase section */
		F11516BE1E27673700944266 /* Resources */ = {
			isa = PBXResourcesBuildPhase;
			buildActionMask = 2147483647;
			files = (
				F11516E01E27676600944266 /* tutorial.fs in Resources */,
				F11516C61E27673700944266 /* Assets.xcassets in Resources */,
				F11516E11E27676600944266 /* tutorial.vs in Resources */,
				F11516C91E27673700944266 /* MainMenu.xib in Resources */,
				F11516DF1E27676600944266 /* texture2.png in Resources */,
				F11516E51E277A4F00944266 /* texture1.png in Resources */,
			);
			runOnlyForDeploymentPostprocessing = 0;
		};
/* End PBXResourcesBuildPhase section */

/* Begin PBXSourcesBuildPhase section */
		F11516BC1E27673700944266 /* Sources */ = {
			isa = PBXSourcesBuildPhase;
			buildActionMask = 2147483647;
			files = (
				F11516DB1E27676600944266 /* Scene.swift in Sources */,
				F11516DD1E27676600944266 /* Texture.swift in Sources */,
				F11516DC1E27676600944266 /* ShaderProgram.swift in Sources */,
				F11516C41E27673700944266 /* AppDelegate.swift in Sources */,
				F11516D91E27676600944266 /* FLOpenGLView.swift in Sources */,
				F11516DA1E27676600944266 /* Matrix4.swift in Sources */,
			);
			runOnlyForDeploymentPostprocessing = 0;
		};
/* End PBXSourcesBuildPhase section */

/* Begin PBXVariantGroup section */
		F11516C71E27673700944266 /* MainMenu.xib */ = {
			isa = PBXVariantGroup;
			children = (
				F11516C81E27673700944266 /* Base */,
			);
			name = MainMenu.xib;
			sourceTree = "<group>";
		};
/* End PBXVariantGroup section */

/* Begin XCBuildConfiguration section */
		F11516CB1E27673700944266 /* Debug */ = {
			isa = XCBuildConfiguration;
			buildSettings = {
				ALWAYS_SEARCH_USER_PATHS = NO;
				CLANG_ANALYZER_NONNULL = YES;
				CLANG_CXX_LANGUAGE_STANDARD = "gnu++0x";
				CLANG_CXX_LIBRARY = "libc++";
				CLANG_ENABLE_MODULES = YES;
				CLANG_ENABLE_OBJC_ARC = YES;
				CLANG_WARN_BOOL_CONVERSION = YES;
				CLANG_WARN_CONSTANT_CONVERSION = YES;
				CLANG_WARN_DIRECT_OBJC_ISA_USAGE = YES_ERROR;
				CLANG_WARN_DOCUMENTATION_COMMENTS = YES;
				CLANG_WARN_EMPTY_BODY = YES;
				CLANG_WARN_ENUM_CONVERSION = YES;
				CLANG_WARN_INFINITE_RECURSION = YES;
				CLANG_WARN_INT_CONVERSION = YES;
				CLANG_WARN_OBJC_ROOT_CLASS = YES_ERROR;
				CLANG_WARN_SUSPICIOUS_MOVES = YES;
				CLANG_WARN_UNREACHABLE_CODE = YES;
				CLANG_WARN__DUPLICATE_METHOD_MATCH = YES;
				CODE_SIGN_IDENTITY = "-";
				COPY_PHASE_STRIP = NO;
				DEBUG_INFORMATION_FORMAT = dwarf;
				ENABLE_STRICT_OBJC_MSGSEND = YES;
				ENABLE_TESTABILITY = YES;
				GCC_C_LANGUAGE_STANDARD = gnu99;
				GCC_DYNAMIC_NO_PIC = NO;
				GCC_NO_COMMON_BLOCKS = YES;
				GCC_OPTIMIZATION_LEVEL = 0;
				GCC_PREPROCESSOR_DEFINITIONS = (
					"DEBUG=1",
					"$(inherited)",
				);
				GCC_WARN_64_TO_32_BIT_CONVERSION = YES;
				GCC_WARN_ABOUT_RETURN_TYPE = YES_ERROR;
				GCC_WARN_UNDECLARED_SELECTOR = YES;
				GCC_WARN_UNINITIALIZED_AUTOS = YES_AGGRESSIVE;
				GCC_WARN_UNUSED_FUNCTION = YES;
				GCC_WARN_UNUSED_VARIABLE = YES;
				MACOSX_DEPLOYMENT_TARGET = 10.12;
				MTL_ENABLE_DEBUG_INFO = YES;
				ONLY_ACTIVE_ARCH = YES;
				SDKROOT = macosx;
				SWIFT_ACTIVE_COMPILATION_CONDITIONS = DEBUG;
				SWIFT_OPTIMIZATION_LEVEL = "-Onone";
			};
			name = Debug;
		};
		F11516CC1E27673700944266 /* Release */ = {
			isa = XCBuildConfiguration;
			buildSettings = {
				ALWAYS_SEARCH_USER_PATHS = NO;
				CLANG_ANALYZER_NONNULL = YES;
				CLANG_CXX_LANGUAGE_STANDARD = "gnu++0x";
				CLANG_CXX_LIBRARY = "libc++";
				CLANG_ENABLE_MODULES = YES;
				CLANG_ENABLE_OBJC_ARC = YES;
				CLANG_WARN_BOOL_CONVERSION = YES;
				CLANG_WARN_CONSTANT_CONVERSION = YES;
				CLANG_WARN_DIRECT_OBJC_ISA_USAGE = YES_ERROR;
				CLANG_WARN_DOCUMENTATION_COMMENTS = YES;
				CLANG_WARN_EMPTY_BODY = YES;
				CLANG_WARN_ENUM_CONVERSION = YES;
				CLANG_WARN_INFINITE_RECURSION = YES;
				CLANG_WARN_INT_CONVERSION = YES;
				CLANG_WARN_OBJC_ROOT_CLASS = YES_ERROR;
				CLANG_WARN_SUSPICIOUS_MOVES = YES;
				CLANG_WARN_UNREACHABLE_CODE = YES;
				CLANG_WARN__DUPLICATE_METHOD_MATCH = YES;
				CODE_SIGN_IDENTITY = "-";
				COPY_PHASE_STRIP = NO;
				DEBUG_INFORMATION_FORMAT = "dwarf-with-dsym";
				ENABLE_NS_ASSERTIONS = NO;
				ENABLE_STRICT_OBJC_MSGSEND = YES;
				GCC_C_LANGUAGE_STANDARD = gnu99;
				GCC_NO_COMMON_BLOCKS = YES;
				GCC_WARN_64_TO_32_BIT_CONVERSION = YES;
				GCC_WARN_ABOUT_RETURN_TYPE = YES_ERROR;
				GCC_WARN_UNDECLARED_SELECTOR = YES;
				GCC_WARN_UNINITIALIZED_AUTOS = YES_AGGRESSIVE;
				GCC_WARN_UNUSED_FUNCTION = YES;
				GCC_WARN_UNUSED_VARIABLE = YES;
				MACOSX_DEPLOYMENT_TARGET = 10.12;
				MTL_ENABLE_DEBUG_INFO = NO;
				SDKROOT = macosx;
				SWIFT_OPTIMIZATION_LEVEL = "-Owholemodule";
			};
			name = Release;
		};
		F11516CE1E27673700944266 /* Debug */ = {
			isa = XCBuildConfiguration;
			buildSettings = {
				ASSETCATALOG_COMPILER_APPICON_NAME = AppIcon;
				COMBINE_HIDPI_IMAGES = YES;
				INFOPLIST_FILE = Lesson4/Info.plist;
				LD_RUNPATH_SEARCH_PATHS = "$(inherited) @executable_path/../Frameworks";
				PRODUCT_BUNDLE_IDENTIFIER = com.fancymax.test.Lesson4;
				PRODUCT_NAME = "$(TARGET_NAME)";
				SWIFT_VERSION = 3.0;
			};
			name = Debug;
		};
		F11516CF1E27673700944266 /* Release */ = {
			isa = XCBuildConfiguration;
			buildSettings = {
				ASSETCATALOG_COMPILER_APPICON_NAME = AppIcon;
				COMBINE_HIDPI_IMAGES = YES;
				INFOPLIST_FILE = Lesson4/Info.plist;
				LD_RUNPATH_SEARCH_PATHS = "$(inherited) @executable_path/../Frameworks";
				PRODUCT_BUNDLE_IDENTIFIER = com.fancymax.test.Lesson4;
				PRODUCT_NAME = "$(TARGET_NAME)";
				SWIFT_VERSION = 3.0;
			};
			name = Release;
		};
/* End XCBuildConfiguration section */

/* Begin XCConfigurationList section */
		F11516BB1E27673700944266 /* Build configuration list for PBXProject "Lesson4" */ = {
			isa = XCConfigurationList;
			buildConfigurations = (
				F11516CB1E27673700944266 /* Debug */,
				F11516CC1E27673700944266 /* Release */,
			);
			defaultConfigurationIsVisible = 0;
			defaultConfigurationName = Release;
		};
		F11516CD1E27673700944266 /* Build configuration list for PBXNativeTarget "Lesson4" */ = {
			isa = XCConfigurationList;
			buildConfigurations = (
				F11516CE1E27673700944266 /* Debug */,
				F11516CF1E27673700944266 /* Release */,
			);
			defaultConfigurationIsVisible = 0;
			defaultConfigurationName = Release;
		};
/* End XCConfigurationList section */
	};
	rootObject = F11516B81E27673700944266 /* Project object */;
}
